{
  "originHash" : "32dc607c80fcf4af757f2a21966ea1f8421c369899f124f4c49e428d6ae51ae0",
  "pins" : [
    {
      "identity" : "allocatedunfairlock",
      "kind" : "remoteSourceControl",
      "location" : "https://github.com/Kyome22/AllocatedUnfairLock.git",
      "state" : {
        "revision" : "bf1fa2b1b6a449fd1f8adf2d846feb5fab7734ca",
        "version" : "1.0.0"
      }
    },
    {
      "identity" : "licenselist",
      "kind" : "remoteSourceControl",
      "location" : "https://github.com/cybozu/LicenseList.git",
      "state" : {
        "revision" : "ee1e897acb2c8f3061fca4434cb702e8ddb7a72c",
        "version" : "2.5.0"
      }
    },
    {
      "identity" : "swift-async-algorithms",
      "kind" : "remoteSourceControl",
      "location" : "https://github.com/apple/swift-async-algorithms.git",
      "state" : {
        "revision" : "3da39bbc4e687d4192af7c9cf4eab805745a0b9c",
        "version" : "1.1.5"
      }
    },
    {
      "identity" : "swift-collections",
      "kind" : "remoteSourceControl",
      "location" : "https://github.com/apple/swift-collections.git",
      "state" : {
        "revision" : "fea17c02d767f46b23070fdfdacc28a03a39232a",
        "version" : "1.5.1"
      }
    },
    {
      "identity" : "swift-log",
      "kind" : "remoteSourceControl",
      "location" : "https://github.com/apple/swift-log.git",
      "state" : {
        "revision" : "3ffafb9722d5d918c614feb496c8789a3b59d222",
        "version" : "1.15.0"
      }
    },
    {
      "identity" : "systeminfokit",
      "kind" : "remoteSourceControl",
      "location" : "https://github.com/Kyome22/SystemInfoKit.git",
      "state" : {
        "revision" : "56bfde260431e8c0270137f409f8e8c9de04bbec",
        "version" : "7.2.2"
      }
    }
  ],
  "version" : 3
}
